
Microsoft Visual Studio Solution File, Format Version 12.00
# Visual Studio 15
VisualStudioVersion = 15.0.27130.2003
MinimumVisualStudioVersion = 10.0.40219.1
Project("{FAE04EC0-301F-11D3-BF4B-00C04F79EFBC}") = "MCServicesWeb", "MCServicesWeb\MCServicesWeb.csproj", "{CE439018-5E42-444F-B3D0-3AD936845700}"
EndProject
Project("{FAE04EC0-301F-11D3-BF4B-00C04F79EFBC}") = "MCServicesWeb.Tests", "MCServicesWeb.Tests\MCServicesWeb.Tests.csproj", "{EFD56C72-C63E-498C-88BA-61C780333477}"
EndProject
Global
	GlobalSection(SolutionConfigurationPlatforms) = preSolution
		Debug|Any CPU = Debug|Any CPU
		Release|Any CPU = Release|Any CPU
	EndGlobalSection
	GlobalSection(ProjectConfigurationPlatforms) = postSolution
		{CE439018-5E42-444F-B3D0-3AD936845700}.Debug|Any CPU.ActiveCfg = Debug|Any CPU
		{CE439018-5E42-444F-B3D0-3AD936845700}.Debug|Any CPU.Build.0 = Debug|Any CPU
		{CE439018-5E42-444F-B3D0-3AD936845700}.Release|Any CPU.ActiveCfg = Release|Any CPU
		{CE439018-5E42-444F-B3D0-3AD936845700}.Release|Any CPU.Build.0 = Release|Any CPU
		{EFD56C72-C63E-498C-88BA-61C780333477}.Debug|Any CPU.ActiveCfg = Debug|Any CPU
		{EFD56C72-C63E-498C-88BA-61C780333477}.Debug|Any CPU.Build.0 = Debug|Any CPU
		{EFD56C72-C63E-498C-88BA-61C780333477}.Release|Any CPU.ActiveCfg = Release|Any CPU
		{EFD56C72-C63E-498C-88BA-61C780333477}.Release|Any CPU.Build.0 = Release|Any CPU
	EndGlobalSection
	GlobalSection(SolutionProperties) = preSolution
		HideSolutionNode = FALSE
	EndGlobalSection
	GlobalSection(ExtensibilityGlobals) = postSolution
		SolutionGuid = {35F3B6D9-5B95-4B8D-B9B2-BAEF20FE559C}
	EndGlobalSection
EndGlobal
